lockfileVersion: '9.0'

settings:
  autoInstallPeers: true
  excludeLinksFromLockfile: false

importers:
  .:
    dependencies:
      '@ai-sdk/groq':
        specifier: ^3.0.42
        version: 3.0.42
      '@ai-sdk/react':
        specifier: ^3.0.209
        version: 3.0.209
      ai:
        specifier: ^6.0.207
        version: 6.0.207
      groq-sdk:
        specifier: ^0.8.0
        version: 0.8.0
      next:
        specifier: ^16.0.0
        version: 16.0.0
      react:
        specifier: ^19.2.0
        version: 19.2.0
      react-dom:
        specifier: ^19.2.0
        version: 19.2.0
      zod:
        specifier: ^4.4.3
        version: 4.4.3
    devDependencies:
      '@types/node':
        specifier: ^22.0.0
        version: 22.0.0
      '@types/react':
        specifier: ^19.0.0
        version: 19.0.0
      '@types/react-dom':
        specifier: ^19.0.0
        version: 19.0.0
      autoprefixer:
        specifier: ^10.4.20
        version: 10.4.20
      postcss:
        specifier: ^8.4.49
        version: 8.4.49
      tailwindcss:
        specifier: ^3.4.17
        version: 3.4.17
      typescript:
        specifier: ^5.7.0
        version: 5.7.0
